{
	"info": {
		"_postman_id": "0b6f4f79-b9b6-4277-ae2f-31d81c37fbb6",
		"name": "InAppCurrency",
		"schema": "https://schema.getpostman.com/json/collection/v2.1.0/collection.json",
		"_exporter_id": "18344224"
	},
	"item": [
		{
			"name": "Sign IN/UP",
			"item": [
				{
					"name": "signup",
					"request": {
						"method": "POST",
						"header": [],
						"body": {
							"mode": "raw",
							"raw": "{\n    \"email\":\"asharib@gmail.com\",\n    \"password\":\"1234\",\n    \"name\":\"Asharib Ahmed\"\n}",
							"options": {
								"raw": {
									"language": "json"
								}
							}
						},
						"url": {
							"raw": "{{local}}/auth/signup",
							"host": [
								"{{local}}"
							],
							"path": [
								"auth",
								"signup"
							]
						}
					},
					"response": []
				},
				{
					"name": "signIn",
					"request": {
						"method": "POST",
						"header": [],
						"body": {
							"mode": "raw",
							"raw": "{\n    \"email\":\"asharib@gmail.com\",\n    \"password\":\"1234\"\n}",
							"options": {
								"raw": {
									"language": "json"
								}
							}
						},
						"url": {
							"raw": "{{local}}/auth/signing",
							"host": [
								"{{local}}"
							],
							"path": [
								"auth",
								"signing"
							]
						}
					},
					"response": []
				}
			]
		},
		{
			"name": "Payments",
			"item": [
				{
					"name": "Add Amount",
					"request": {
						"method": "POST",
						"header": [],
						"body": {
							"mode": "raw",
							"raw": "{\n    \"wallet\":1\n}",
							"options": {
								"raw": {
									"language": "json"
								}
							}
						},
						"url": {
							"raw": "{{local}}/payment/add",
							"host": [
								"{{local}}"
							],
							"path": [
								"payment",
								"add"
							]
						}
					},
					"response": []
				},
				{
					"name": "Transfer Amount",
					"request": {
						"method": "POST",
						"header": [],
						"body": {
							"mode": "raw",
							"raw": "{\n    \"receiverEmail\":\"fahad@gmail.com\",\n    \"amount\": 70\n}",
							"options": {
								"raw": {
									"language": "json"
								}
							}
						},
						"url": {
							"raw": "{{local}}/payment/transfer",
							"host": [
								"{{local}}"
							],
							"path": [
								"payment",
								"transfer"
							]
						}
					},
					"response": []
				}
			]
		},
		{
			"name": "User",
			"item": [
				{
					"name": "User Update",
					"request": {
						"method": "PATCH",
						"header": [],
						"body": {
							"mode": "raw",
							"raw": "{\n    \"name\":\"Asharib\"\n}",
							"options": {
								"raw": {
									"language": "json"
								}
							}
						},
						"url": {
							"raw": "{{local}}/user",
							"host": [
								"{{local}}"
							],
							"path": [
								"user"
							]
						}
					},
					"response": []
				}
			]
		}
	],
	"auth": {
		"type": "bearer",
		"bearer": [
			{
				"key": "token",
				"value": "eyJhbGciOiJIUzI1NiIsInR5cCI6IkpXVCJ9.eyJlbWFpbCI6ImFzaGFyaWJAZ21haWwuY29tIiwiaWF0IjoxNjYzOTcyMjE0LCJleHAiOjE2NjM5NzMxMTR9.uhmkZ6LhFIrLkiyAbSS1y4GGcBU2lrKoq40O35fBtvc",
				"type": "string"
			}
		]
	},
	"event": [
		{
			"listen": "prerequest",
			"script": {
				"type": "text/javascript",
				"exec": [
					""
				]
			}
		},
		{
			"listen": "test",
			"script": {
				"type": "text/javascript",
				"exec": [
					""
				]
			}
		}
	],
	"variable": [
		{
			"key": "local",
			"value": "http://localhost:3000",
			"type": "string"
		}
	]
}